// !$*UTF8*$!
{
	archiveVersion = 1;
	classes = {
	};
	objectVersion = 46;
	objects = {

/* Begin PBXBuildFile section */
		BB4E6BEE1D79E7C000A2E4C0 /* practice.swift in Sources */ = {isa = PBXBuildFile; fileRef = BB4E6BED1D79E7C000A2E4C0 /* practice.swift */; };
		BB7561381D7641190069299E /* AppDelegate.swift in Sources */ = {isa = PBXBuildFile; fileRef = BB7561371D7641190069299E /* AppDelegate.swift */; };
		BB75613A1D7641190069299E /* ViewController.swift in Sources */ = {isa = PBXBuildFile; fileRef = BB7561391D7641190069299E /* ViewController.swift */; };
		BB75613D1D7641190069299E /* Main.storyboard in Resources */ = {isa = PBXBuildFile; fileRef = BB75613B1D7641190069299E /* Main.storyboard */; };
		BB75613F1D7641190069299E /* Images.xcassets in Resources */ = {isa = PBXBuildFile; fileRef = BB75613E1D7641190069299E /* Images.xcassets */; };
		BB7561421D7641190069299E /* LaunchScreen.xib in Resources */ = {isa = PBXBuildFile; fileRef = BB7561401D7641190069299E /* LaunchScreen.xib */; };
		BB75614E1D7641190069299E /* CalculatorTests.swift in Sources */ = {isa = PBXBuildFile; fileRef = BB75614D1D7641190069299E /* CalculatorTests.swift */; };
		BB7561581D78CF090069299E /* CalculatorBrian.swift in Sources */ = {isa = PBXBuildFile; fileRef = BB7561571D78CF090069299E /* CalculatorBrian.swift */; };
/* End PBXBuildFile section */

/* Begin PBXContainerItemProxy section */
		BB7561481D7641190069299E /* PBXContainerItemProxy */ = {
			isa = PBXContainerItemProxy;
			containerPortal = BB75612A1D7641190069299E /* Project object */;
			proxyType = 1;
			remoteGlobalIDString = BB7561311D7641190069299E;
			remoteInfo = Calculator;
		};
/* End PBXContainerItemProxy section */

/* Begin PBXFileReference section */
		BB4E6BED1D79E7C000A2E4C0 /* practice.swift */ = {isa = PBXFileReference; fileEncoding = 4; lastKnownFileType = sourcecode.swift; path = practice.swift; sourceTree = "<group>"; };
		BB7561321D7641190069299E /* Calculator.app */ = {isa = PBXFileReference; explicitFileType = wrapper.application; includeInIndex = 0; path = Calculator.app; sourceTree = BUILT_PRODUCTS_DIR; };
		BB7561361D7641190069299E /* Info.plist */ = {isa = PBXFileReference; lastKnownFileType = text.plist.xml; path = Info.plist; sourceTree = "<group>"; };
		BB7561371D7641190069299E /* AppDelegate.swift */ = {isa = PBXFileReference; lastKnownFileType = sourcecode.swift; path = AppDelegate.swift; sourceTree = "<group>"; };
		BB7561391D7641190069299E /* ViewController.swift */ = {isa = PBXFileReference; lastKnownFileType = sourcecode.swift; path = ViewController.swift; sourceTree = "<group>"; };
		BB75613C1D7641190069299E /* Base */ = {isa = PBXFileReference; lastKnownFileType = file.storyboard; name = Base; path = Base.lproj/Main.storyboard; sourceTree = "<group>"; };
		BB75613E1D7641190069299E /* Images.xcassets */ = {isa = PBXFileReference; lastKnownFileType = folder.assetcatalog; path = Images.xcassets; sourceTree = "<group>"; };
		BB7561411D7641190069299E /* Base */ = {isa = PBXFileReference; lastKnownFileType = file.xib; name = Base; path = Base.lproj/LaunchScreen.xib; sourceTree = "<group>"; };
		BB7561471D7641190069299E /* CalculatorTests.xctest */ = {isa = PBXFileReference; explicitFileType = wrapper.cfbundle; includeInIndex = 0; path = CalculatorTests.xctest; sourceTree = BUILT_PRODUCTS_DIR; };
		BB75614C1D7641190069299E /* Info.plist */ = {isa = PBXFileReference; lastKnownFileType = text.plist.xml; path = Info.plist; sourceTree = "<group>"; };
		BB75614D1D7641190069299E /* CalculatorTests.swift */ = {isa = PBXFileReference; lastKnownFileType = sourcecode.swift; path = CalculatorTests.swift; sourceTree = "<group>"; };
		BB7561571D78CF090069299E /* CalculatorBrian.swift */ = {isa = PBXFileReference; fileEncoding = 4; lastKnownFileType = sourcecode.swift; path = CalculatorBrian.swift; sourceTree = "<group>"; };
/* End PBXFileReference section */

/* Begin PBXFrameworksBuildPhase section */
		BB75612F1D7641190069299E /* Frameworks */ = {
			isa = PBXFrameworksBuildPhase;
			buildActionMask = 2147483647;
			files = (
			);
			runOnlyForDeploymentPostprocessing = 0;
		};
		BB7561441D7641190069299E /* Frameworks */ = {
			isa = PBXFrameworksBuildPhase;
			buildActionMask = 2147483647;
			files = (
			);
			runOnlyForDeploymentPostprocessing = 0;
		};
/* End PBXFrameworksBuildPhase section */

/* Begin PBXGroup section */
		BB7561291D7641190069299E = {
			isa = PBXGroup;
			children = (
				BB7561341D7641190069299E /* Calculator */,
				BB75614A1D7641190069299E /* CalculatorTests */,
				BB7561331D7641190069299E /* Products */,
			);
			sourceTree = "<group>";
		};
		BB7561331D7641190069299E /* Products */ = {
			isa = PBXGroup;
			children = (
				BB7561321D7641190069299E /* Calculator.app */,
				BB7561471D7641190069299E /* CalculatorTests.xctest */,
			);
			name = Products;
			sourceTree = "<group>";
		};
		BB7561341D7641190069299E /* Calculator */ = {
			isa = PBXGroup;
			children = (
				BB7561371D7641190069299E /* AppDelegate.swift */,
				BB7561391D7641190069299E /* ViewController.swift */,
				BB75613B1D7641190069299E /* Main.storyboard */,
				BB7561571D78CF090069299E /* CalculatorBrian.swift */,
				BB4E6BED1D79E7C000A2E4C0 /* practice.swift */,
				BB75613E1D7641190069299E /* Images.xcassets */,
				BB7561401D7641190069299E /* LaunchScreen.xib */,
				BB7561351D7641190069299E /* Supporting Files */,
			);
			path = Calculator;
			sourceTree = "<group>";
		};
		BB7561351D7641190069299E /* Supporting Files */ = {
			isa = PBXGroup;
			children = (
				BB7561361D7641190069299E /* Info.plist */,
			);
			name = "Supporting Files";
			sourceTree = "<group>";
		};
		BB75614A1D7641190069299E /* CalculatorTests */ = {
			isa = PBXGroup;
			children = (
				BB75614D1D7641190069299E /* CalculatorTests.swift */,
				BB75614B1D7641190069299E /* Supporting Files */,
			);
			path = CalculatorTests;
			sourceTree = "<group>";
		};
		BB75614B1D7641190069299E /* Supporting Files */ = {
			isa = PBXGroup;
			children = (
				BB75614C1D7641190069299E /* Info.plist */,
			);
			name = "Supporting Files";
			sourceTree = "<group>";
		};
/* End PBXGroup section */

/* Begin PBXNativeTarget section */
		BB7561311D7641190069299E /* Calculator */ = {
			isa = PBXNativeTarget;
			buildConfigurationList = BB7561511D7641190069299E /* Build configuration list for PBXNativeTarget "Calculator" */;
			buildPhases = (
				BB75612E1D7641190069299E /* Sources */,
				BB75612F1D7641190069299E /* Frameworks */,
				BB7561301D7641190069299E /* Resources */,
			);
			buildRules = (
			);
			dependencies = (
			);
			name = Calculator;
			productName = Calculator;
			productReference = BB7561321D7641190069299E /* Calculator.app */;
			productType = "com.apple.product-type.application";
		};
		BB7561461D7641190069299E /* CalculatorTests */ = {
			isa = PBXNativeTarget;
			buildConfigurationList = BB7561541D7641190069299E /* Build configuration list for PBXNativeTarget "CalculatorTests" */;
			buildPhases = (
				BB7561431D7641190069299E /* Sources */,
				BB7561441D7641190069299E /* Frameworks */,
				BB7561451D7641190069299E /* Resources */,
			);
			buildRules = (
			);
			dependencies = (
				BB7561491D7641190069299E /* PBXTargetDependency */,
			);
			name = CalculatorTests;
			productName = CalculatorTests;
			productReference = BB7561471D7641190069299E /* CalculatorTests.xctest */;
			productType = "com.apple.product-type.bundle.unit-test";
		};
/* End PBXNativeTarget section */

/* Begin PBXProject section */
		BB75612A1D7641190069299E /* Project object */ = {
			isa = PBXProject;
			attributes = {
				LastUpgradeCheck = 0610;
				ORGANIZATIONNAME = "Bryan Cheng";
				TargetAttributes = {
					BB7561311D7641190069299E = {
						CreatedOnToolsVersion = 6.1.1;
					};
					BB7561461D7641190069299E = {
						CreatedOnToolsVersion = 6.1.1;
						TestTargetID = BB7561311D7641190069299E;
					};
				};
			};
			buildConfigurationList = BB75612D1D7641190069299E /* Build configuration list for PBXProject "Calculator" */;
			compatibilityVersion = "Xcode 3.2";
			developmentRegion = English;
			hasScannedForEncodings = 0;
			knownRegions = (
				en,
				Base,
			);
			mainGroup = BB7561291D7641190069299E;
			productRefGroup = BB7561331D7641190069299E /* Products */;
			projectDirPath = "";
			projectRoot = "";
			targets = (
				BB7561311D7641190069299E /* Calculator */,
				BB7561461D7641190069299E /* CalculatorTests */,
			);
		};
/* End PBXProject section */

/* Begin PBXResourcesBuildPhase section */
		BB7561301D7641190069299E /* Resources */ = {
			isa = PBXResourcesBuildPhase;
			buildActionMask = 2147483647;
			files = (
				BB75613D1D7641190069299E /* Main.storyboard in Resources */,
				BB7561421D7641190069299E /* LaunchScreen.xib in Resources */,
				BB75613F1D7641190069299E /* Images.xcassets in Resources */,
			);
			runOnlyForDeploymentPostprocessing = 0;
		};
		BB7561451D7641190069299E /* Resources */ = {
			isa = PBXResourcesBuildPhase;
			buildActionMask = 2147483647;
			files = (
			);
			runOnlyForDeploymentPostprocessing = 0;
		};
/* End PBXResourcesBuildPhase section */

/* Begin PBXSourcesBuildPhase section */
		BB75612E1D7641190069299E /* Sources */ = {
			isa = PBXSourcesBuildPhase;
			buildActionMask = 2147483647;
			files = (
				BB4E6BEE1D79E7C000A2E4C0 /* practice.swift in Sources */,
				BB75613A1D7641190069299E /* ViewController.swift in Sources */,
				BB7561581D78CF090069299E /* CalculatorBrian.swift in Sources */,
				BB7561381D7641190069299E /* AppDelegate.swift in Sources */,
			);
			runOnlyForDeploymentPostprocessing = 0;
		};
		BB7561431D7641190069299E /* Sources */ = {
			isa = PBXSourcesBuildPhase;
			buildActionMask = 2147483647;
			files = (
				BB75614E1D7641190069299E /* CalculatorTests.swift in Sources */,
			);
			runOnlyForDeploymentPostprocessing = 0;
		};
/* End PBXSourcesBuildPhase section */

/* Begin PBXTargetDependency section */
		BB7561491D7641190069299E /* PBXTargetDependency */ = {
			isa = PBXTargetDependency;
			target = BB7561311D7641190069299E /* Calculator */;
			targetProxy = BB7561481D7641190069299E /* PBXContainerItemProxy */;
		};
/* End PBXTargetDependency section */

/* Begin PBXVariantGroup section */
		BB75613B1D7641190069299E /* Main.storyboard */ = {
			isa = PBXVariantGroup;
			children = (
				BB75613C1D7641190069299E /* Base */,
			);
			name = Main.storyboard;
			sourceTree = "<group>";
		};
		BB7561401D7641190069299E /* LaunchScreen.xib */ = {
			isa = PBXVariantGroup;
			children = (
				BB7561411D7641190069299E /* Base */,
			);
			name = LaunchScreen.xib;
			sourceTree = "<group>";
		};
/* End PBXVariantGroup section */

/* Begin XCBuildConfiguration section */
		BB75614F1D7641190069299E /* Debug */ = {
			isa = XCBuildConfiguration;
			buildSettings = {
				ALWAYS_SEARCH_USER_PATHS = NO;
				CLANG_CXX_LANGUAGE_STANDARD = "gnu++0x";
				CLANG_CXX_LIBRARY = "libc++";
				CLANG_ENABLE_MODULES = YES;
				CLANG_ENABLE_OBJC_ARC = YES;
				CLANG_WARN_BOOL_CONVERSION = YES;
				CLANG_WARN_CONSTANT_CONVERSION = YES;
				CLANG_WARN_DIRECT_OBJC_ISA_USAGE = YES_ERROR;
				CLANG_WARN_EMPTY_BODY = YES;
				CLANG_WARN_ENUM_CONVERSION = YES;
				CLANG_WARN_INT_CONVERSION = YES;
				CLANG_WARN_OBJC_ROOT_CLASS = YES_ERROR;
				CLANG_WARN_UNREACHABLE_CODE = YES;
				CLANG_WARN__DUPLICATE_METHOD_MATCH = YES;
				"CODE_SIGN_IDENTITY[sdk=iphoneos*]" = "iPhone Developer";
				COPY_PHASE_STRIP = NO;
				ENABLE_STRICT_OBJC_MSGSEND = YES;
				GCC_C_LANGUAGE_STANDARD = gnu99;
				GCC_DYNAMIC_NO_PIC = NO;
				GCC_OPTIMIZATION_LEVEL = 0;
				GCC_PREPROCESSOR_DEFINITIONS = (
					"DEBUG=1",
					"$(inherited)",
				);
				GCC_SYMBOLS_PRIVATE_EXTERN = NO;
				GCC_WARN_64_TO_32_BIT_CONVERSION = YES;
				GCC_WARN_ABOUT_RETURN_TYPE = YES_ERROR;
				GCC_WARN_UNDECLARED_SELECTOR = YES;
				GCC_WARN_UNINITIALIZED_AUTOS = YES_AGGRESSIVE;
				GCC_WARN_UNUSED_FUNCTION = YES;
				GCC_WARN_UNUSED_VARIABLE = YES;
				IPHONEOS_DEPLOYMENT_TARGET = 8.1;
				MTL_ENABLE_DEBUG_INFO = YES;
				ONLY_ACTIVE_ARCH = YES;
				SDKROOT = iphoneos;
				SWIFT_OPTIMIZATION_LEVEL = "-Onone";
				TARGETED_DEVICE_FAMILY = "1,2";
			};
			name = Debug;
		};
		BB7561501D7641190069299E /* Release */ = {
			isa = XCBuildConfiguration;
			buildSettings = {
				ALWAYS_SEARCH_USER_PATHS = NO;
				CLANG_CXX_LANGUAGE_STANDARD = "gnu++0x";
				CLANG_CXX_LIBRARY = "libc++";
				CLANG_ENABLE_MODULES = YES;
				CLANG_ENABLE_OBJC_ARC = YES;
				CLANG_WARN_BOOL_CONVERSION = YES;
				CLANG_WARN_CONSTANT_CONVERSION = YES;
				CLANG_WARN_DIRECT_OBJC_ISA_USAGE = YES_ERROR;
				CLANG_WARN_EMPTY_BODY = YES;
				CLANG_WARN_ENUM_CONVERSION = YES;
				CLANG_WARN_INT_CONVERSION = YES;
				CLANG_WARN_OBJC_ROOT_CLASS = YES_ERROR;
				CLANG_WARN_UNREACHABLE_CODE = YES;
				CLANG_WARN__DUPLICATE_METHOD_MATCH = YES;
				"CODE_SIGN_IDENTITY[sdk=iphoneos*]" = "iPhone Developer";
				COPY_PHASE_STRIP = YES;
				ENABLE_NS_ASSERTIONS = NO;
				ENABLE_STRICT_OBJC_MSGSEND = YES;
				GCC_C_LANGUAGE_STANDARD = gnu99;
				GCC_WARN_64_TO_32_BIT_CONVERSION = YES;
				GCC_WARN_ABOUT_RETURN_TYPE = YES_ERROR;
				GCC_WARN_UNDECLARED_SELECTOR = YES;
				GCC_WARN_UNINITIALIZED_AUTOS = YES_AGGRESSIVE;
				GCC_WARN_UNUSED_FUNCTION = YES;
				GCC_WARN_UNUSED_VARIABLE = YES;
				IPHONEOS_DEPLOYMENT_TARGET = 8.1;
				MTL_ENABLE_DEBUG_INFO = NO;
				SDKROOT = iphoneos;
				TARGETED_DEVICE_FAMILY = "1,2";
				VALIDATE_PRODUCT = YES;
			};
			name = Release;
		};
		BB7561521D7641190069299E /* Debug */ = {
			isa = XCBuildConfiguration;
			buildSettings = {
				ASSETCATALOG_COMPILER_APPICON_NAME = AppIcon;
				INFOPLIST_FILE = Calculator/Info.plist;
				LD_RUNPATH_SEARCH_PATHS = "$(inherited) @executable_path/Frameworks";
				PRODUCT_NAME = "$(TARGET_NAME)";
			};
			name = Debug;
		};
		BB7561531D7641190069299E /* Release */ = {
			isa = XCBuildConfiguration;
			buildSettings = {
				ASSETCATALOG_COMPILER_APPICON_NAME = AppIcon;
				INFOPLIST_FILE = Calculator/Info.plist;
				LD_RUNPATH_SEARCH_PATHS = "$(inherited) @executable_path/Frameworks";
				PRODUCT_NAME = "$(TARGET_NAME)";
			};
			name = Release;
		};
		BB7561551D7641190069299E /* Debug */ = {
			isa = XCBuildConfiguration;
			buildSettings = {
				BUNDLE_LOADER = "$(TEST_HOST)";
				FRAMEWORK_SEARCH_PATHS = (
					"$(SDKROOT)/Developer/Library/Frameworks",
					"$(inherited)",
				);
				GCC_PREPROCESSOR_DEFINITIONS = (
					"DEBUG=1",
					"$(inherited)",
				);
				INFOPLIST_FILE = CalculatorTests/Info.plist;
				LD_RUNPATH_SEARCH_PATHS = "$(inherited) @executable_path/Frameworks @loader_path/Frameworks";
				PRODUCT_NAME = "$(TARGET_NAME)";
				TEST_HOST = "$(BUILT_PRODUCTS_DIR)/Calculator.app/Calculator";
			};
			name = Debug;
		};
		BB7561561D7641190069299E /* Release */ = {
			isa = XCBuildConfiguration;
			buildSettings = {
				BUNDLE_LOADER = "$(TEST_HOST)";
				FRAMEWORK_SEARCH_PATHS = (
					"$(SDKROOT)/Developer/Library/Frameworks",
					"$(inherited)",
				);
				INFOPLIST_FILE = CalculatorTests/Info.plist;
				LD_RUNPATH_SEARCH_PATHS = "$(inherited) @executable_path/Frameworks @loader_path/Frameworks";
				PRODUCT_NAME = "$(TARGET_NAME)";
				TEST_HOST = "$(BUILT_PRODUCTS_DIR)/Calculator.app/Calculator";
			};
			name = Release;
		};
/* End XCBuildConfiguration section */

/* Begin XCConfigurationList section */
		BB75612D1D7641190069299E /* Build configuration list for PBXProject "Calculator" */ = {
			isa = XCConfigurationList;
			buildConfigurations = (
				BB75614F1D7641190069299E /* Debug */,
				BB7561501D7641190069299E /* Release */,
			);
			defaultConfigurationIsVisible = 0;
			defaultConfigurationName = Release;
		};
		BB7561511D7641190069299E /* Build configuration list for PBXNativeTarget "Calculator" */ = {
			isa = XCConfigurationList;
			buildConfigurations = (
				BB7561521D7641190069299E /* Debug */,
				BB7561531D7641190069299E /* Release */,
			);
			defaultConfigurationIsVisible = 0;
			defaultConfigurationName = Release;
		};
		BB7561541D7641190069299E /* Build configuration list for PBXNativeTarget "CalculatorTests" */ = {
			isa = XCConfigurationList;
			buildConfigurations = (
				BB7561551D7641190069299E /* Debug */,
				BB7561561D7641190069299E /* Release */,
			);
			defaultConfigurationIsVisible = 0;
			defaultConfigurationName = Release;
		};
/* End XCConfigurationList section */
	};
	rootObject = BB75612A1D7641190069299E /* Project object */;
}
